
Microsoft Visual Studio Solution File, Format Version 12.00
# Visual Studio 15
VisualStudioVersion = 15.0.26124.0
MinimumVisualStudioVersion = 15.0.26124.0
Project("{2150E333-8FDC-42A3-9474-1A3956D46DE8}") = "src", "src", "{D8CD95B1-1818-4C36-9FBC-E0463F1130D4}"
EndProject
Project("{FAE04EC0-301F-11D3-BF4B-00C04F79EFBC}") = "Nybus.Legacy.NetExtensions.Adapters", "src\Nybus.Legacy.NetExtensions.Adapters\Nybus.Legacy.NetExtensions.Adapters.csproj", "{7EBF6CF0-4BB6-449E-AE26-8D57591DB298}"
EndProject
Project("{FAE04EC0-301F-11D3-BF4B-00C04F79EFBC}") = "Nybus.Legacy.NetExtensions.Adapters.MassTransit", "src\Nybus.Legacy.NetExtensions.Adapters.MassTransit\Nybus.Legacy.NetExtensions.Adapters.MassTransit.csproj", "{D2EF9903-6D2B-463E-9A31-7F6635D1C689}"
EndProject
Project("{2150E333-8FDC-42A3-9474-1A3956D46DE8}") = "tests", "tests", "{0E7E040F-3934-4CED-9A1F-E7F03CBABC49}"
EndProject
Project("{FAE04EC0-301F-11D3-BF4B-00C04F79EFBC}") = "Tests.Nybus.Legacy.NetExtensions.Adapters", "tests\Tests.Nybus.Legacy.NetExtensions.Adapters\Tests.Nybus.Legacy.NetExtensions.Adapters.csproj", "{F5128E5D-A20A-47E7-B311-9E2C10D40749}"
EndProject
Project("{FAE04EC0-301F-11D3-BF4B-00C04F79EFBC}") = "Tests.Nybus.Legacy.NetExtensions.Adapters.MassTransit", "tests\Tests.Nybus.Legacy.NetExtensions.Adapters.MassTransit\Tests.Nybus.Legacy.NetExtensions.Adapters.MassTransit.csproj", "{9B7C276C-B2CA-4472-B1FE-A09273CF91EE}"
EndProject
Global
	GlobalSection(SolutionConfigurationPlatforms) = preSolution
		Debug|Any CPU = Debug|Any CPU
		Debug|x64 = Debug|x64
		Debug|x86 = Debug|x86
		Release|Any CPU = Release|Any CPU
		Release|x64 = Release|x64
		Release|x86 = Release|x86
	EndGlobalSection
	GlobalSection(SolutionProperties) = preSolution
		HideSolutionNode = FALSE
	EndGlobalSection
	GlobalSection(ProjectConfigurationPlatforms) = postSolution
		{7EBF6CF0-4BB6-449E-AE26-8D57591DB298}.Debug|Any CPU.ActiveCfg = Debug|Any CPU
		{7EBF6CF0-4BB6-449E-AE26-8D57591DB298}.Debug|Any CPU.Build.0 = Debug|Any CPU
		{7EBF6CF0-4BB6-449E-AE26-8D57591DB298}.Debug|x64.ActiveCfg = Debug|Any CPU
		{7EBF6CF0-4BB6-449E-AE26-8D57591DB298}.Debug|x64.Build.0 = Debug|Any CPU
		{7EBF6CF0-4BB6-449E-AE26-8D57591DB298}.Debug|x86.ActiveCfg = Debug|Any CPU
		{7EBF6CF0-4BB6-449E-AE26-8D57591DB298}.Debug|x86.Build.0 = Debug|Any CPU
		{7EBF6CF0-4BB6-449E-AE26-8D57591DB298}.Release|Any CPU.ActiveCfg = Release|Any CPU
		{7EBF6CF0-4BB6-449E-AE26-8D57591DB298}.Release|Any CPU.Build.0 = Release|Any CPU
		{7EBF6CF0-4BB6-449E-AE26-8D57591DB298}.Release|x64.ActiveCfg = Release|Any CPU
		{7EBF6CF0-4BB6-449E-AE26-8D57591DB298}.Release|x64.Build.0 = Release|Any CPU
		{7EBF6CF0-4BB6-449E-AE26-8D57591DB298}.Release|x86.ActiveCfg = Release|Any CPU
		{7EBF6CF0-4BB6-449E-AE26-8D57591DB298}.Release|x86.Build.0 = Release|Any CPU
		{D2EF9903-6D2B-463E-9A31-7F6635D1C689}.Debug|Any CPU.ActiveCfg = Debug|Any CPU
		{D2EF9903-6D2B-463E-9A31-7F6635D1C689}.Debug|Any CPU.Build.0 = Debug|Any CPU
		{D2EF9903-6D2B-463E-9A31-7F6635D1C689}.Debug|x64.ActiveCfg = Debug|Any CPU
		{D2EF9903-6D2B-463E-9A31-7F6635D1C689}.Debug|x64.Build.0 = Debug|Any CPU
		{D2EF9903-6D2B-463E-9A31-7F6635D1C689}.Debug|x86.ActiveCfg = Debug|Any CPU
		{D2EF9903-6D2B-463E-9A31-7F6635D1C689}.Debug|x86.Build.0 = Debug|Any CPU
		{D2EF9903-6D2B-463E-9A31-7F6635D1C689}.Release|Any CPU.ActiveCfg = Release|Any CPU
		{D2EF9903-6D2B-463E-9A31-7F6635D1C689}.Release|Any CPU.Build.0 = Release|Any CPU
		{D2EF9903-6D2B-463E-9A31-7F6635D1C689}.Release|x64.ActiveCfg = Release|Any CPU
		{D2EF9903-6D2B-463E-9A31-7F6635D1C689}.Release|x64.Build.0 = Release|Any CPU
		{D2EF9903-6D2B-463E-9A31-7F6635D1C689}.Release|x86.ActiveCfg = Release|Any CPU
		{D2EF9903-6D2B-463E-9A31-7F6635D1C689}.Release|x86.Build.0 = Release|Any CPU
		{F5128E5D-A20A-47E7-B311-9E2C10D40749}.Debug|Any CPU.ActiveCfg = Debug|Any CPU
		{F5128E5D-A20A-47E7-B311-9E2C10D40749}.Debug|Any CPU.Build.0 = Debug|Any CPU
		{F5128E5D-A20A-47E7-B311-9E2C10D40749}.Debug|x64.ActiveCfg = Debug|Any CPU
		{F5128E5D-A20A-47E7-B311-9E2C10D40749}.Debug|x64.Build.0 = Debug|Any CPU
		{F5128E5D-A20A-47E7-B311-9E2C10D40749}.Debug|x86.ActiveCfg = Debug|Any CPU
		{F5128E5D-A20A-47E7-B311-9E2C10D40749}.Debug|x86.Build.0 = Debug|Any CPU
		{F5128E5D-A20A-47E7-B311-9E2C10D40749}.Release|Any CPU.ActiveCfg = Release|Any CPU
		{F5128E5D-A20A-47E7-B311-9E2C10D40749}.Release|Any CPU.Build.0 = Release|Any CPU
		{F5128E5D-A20A-47E7-B311-9E2C10D40749}.Release|x64.ActiveCfg = Release|Any CPU
		{F5128E5D-A20A-47E7-B311-9E2C10D40749}.Release|x64.Build.0 = Release|Any CPU
		{F5128E5D-A20A-47E7-B311-9E2C10D40749}.Release|x86.ActiveCfg = Release|Any CPU
		{F5128E5D-A20A-47E7-B311-9E2C10D40749}.Release|x86.Build.0 = Release|Any CPU
		{9B7C276C-B2CA-4472-B1FE-A09273CF91EE}.Debug|Any CPU.ActiveCfg = Debug|Any CPU
		{9B7C276C-B2CA-4472-B1FE-A09273CF91EE}.Debug|Any CPU.Build.0 = Debug|Any CPU
		{9B7C276C-B2CA-4472-B1FE-A09273CF91EE}.Debug|x64.ActiveCfg = Debug|Any CPU
		{9B7C276C-B2CA-4472-B1FE-A09273CF91EE}.Debug|x64.Build.0 = Debug|Any CPU
		{9B7C276C-B2CA-4472-B1FE-A09273CF91EE}.Debug|x86.ActiveCfg = Debug|Any CPU
		{9B7C276C-B2CA-4472-B1FE-A09273CF91EE}.Debug|x86.Build.0 = Debug|Any CPU
		{9B7C276C-B2CA-4472-B1FE-A09273CF91EE}.Release|Any CPU.ActiveCfg = Release|Any CPU
		{9B7C276C-B2CA-4472-B1FE-A09273CF91EE}.Release|Any CPU.Build.0 = Release|Any CPU
		{9B7C276C-B2CA-4472-B1FE-A09273CF91EE}.Release|x64.ActiveCfg = Release|Any CPU
		{9B7C276C-B2CA-4472-B1FE-A09273CF91EE}.Release|x64.Build.0 = Release|Any CPU
		{9B7C276C-B2CA-4472-B1FE-A09273CF91EE}.Release|x86.ActiveCfg = Release|Any CPU
		{9B7C276C-B2CA-4472-B1FE-A09273CF91EE}.Release|x86.Build.0 = Release|Any CPU
	EndGlobalSection
	GlobalSection(NestedProjects) = preSolution
		{7EBF6CF0-4BB6-449E-AE26-8D57591DB298} = {D8CD95B1-1818-4C36-9FBC-E0463F1130D4}
		{D2EF9903-6D2B-463E-9A31-7F6635D1C689} = {D8CD95B1-1818-4C36-9FBC-E0463F1130D4}
		{F5128E5D-A20A-47E7-B311-9E2C10D40749} = {0E7E040F-3934-4CED-9A1F-E7F03CBABC49}
		{9B7C276C-B2CA-4472-B1FE-A09273CF91EE} = {0E7E040F-3934-4CED-9A1F-E7F03CBABC49}
	EndGlobalSection
EndGlobal
