
Microsoft Visual Studio Solution File, Format Version 12.00
# Visual Studio 15
VisualStudioVersion = 15.0.26124.0
MinimumVisualStudioVersion = 15.0.26124.0
Project("{2150E333-8FDC-42A3-9474-1A3956D46DE8}") = "samples", "samples", "{50D92DF8-19D7-4C66-A2E6-E61C1E7AE761}"
EndProject
Project("{2150E333-8FDC-42A3-9474-1A3956D46DE8}") = "MassTransit", "MassTransit", "{B0061C81-CEE5-480F-B848-D4552F044A1E}"
EndProject
Project("{FAE04EC0-301F-11D3-BF4B-00C04F79EFBC}") = "Producer", "samples\MassTransit\Producer\Producer.csproj", "{949A07D1-619E-481B-A5B5-1CCE4D9C8023}"
EndProject
Project("{FAE04EC0-301F-11D3-BF4B-00C04F79EFBC}") = "Messages", "samples\Messages\Messages.csproj", "{4A0092B0-46C7-4113-939C-27AFD92D720B}"
EndProject
Project("{2150E333-8FDC-42A3-9474-1A3956D46DE8}") = "src", "src", "{C63366B5-CF62-4836-A31B-D1851AC01EAB}"
EndProject
Project("{FAE04EC0-301F-11D3-BF4B-00C04F79EFBC}") = "Nybus.Legacy.NetExtensions.Adapters", "src\Nybus.Legacy.NetExtensions.Adapters\Nybus.Legacy.NetExtensions.Adapters.csproj", "{272B05A5-9D47-4992-AB53-7AEBF4947384}"
EndProject
Project("{FAE04EC0-301F-11D3-BF4B-00C04F79EFBC}") = "Nybus.Legacy.NetExtensions.Adapters.MassTransit", "src\Nybus.Legacy.NetExtensions.Adapters.MassTransit\Nybus.Legacy.NetExtensions.Adapters.MassTransit.csproj", "{DABB6F75-7685-4FB6-AD41-38F02DB49047}"
EndProject
Project("{2150E333-8FDC-42A3-9474-1A3956D46DE8}") = "tests", "tests", "{C0013C50-AF20-4CAF-9447-AC0DF8CD56FD}"
EndProject
Project("{FAE04EC0-301F-11D3-BF4B-00C04F79EFBC}") = "Tests.Nybus.Legacy.NetExtensions.Adapters", "tests\Tests.Nybus.Legacy.NetExtensions.Adapters\Tests.Nybus.Legacy.NetExtensions.Adapters.csproj", "{F81C9ECC-7DA9-436F-811C-C071F1EE6726}"
EndProject
Project("{FAE04EC0-301F-11D3-BF4B-00C04F79EFBC}") = "Tests.Nybus.Legacy.NetExtensions.Adapters.MassTransit", "tests\Tests.Nybus.Legacy.NetExtensions.Adapters.MassTransit\Tests.Nybus.Legacy.NetExtensions.Adapters.MassTransit.csproj", "{A1E121A9-4DFD-428D-AB75-12CE51E54B1A}"
EndProject
Project("{FAE04EC0-301F-11D3-BF4B-00C04F79EFBC}") = "Consumer", "samples\MassTransit\Consumer\Consumer.csproj", "{8A60677E-D4AF-4784-9861-A245CC207A70}"
EndProject
Global
	GlobalSection(SolutionConfigurationPlatforms) = preSolution
		Debug|Any CPU = Debug|Any CPU
		Debug|x64 = Debug|x64
		Debug|x86 = Debug|x86
		Release|Any CPU = Release|Any CPU
		Release|x64 = Release|x64
		Release|x86 = Release|x86
	EndGlobalSection
	GlobalSection(SolutionProperties) = preSolution
		HideSolutionNode = FALSE
	EndGlobalSection
	GlobalSection(ProjectConfigurationPlatforms) = postSolution
		{949A07D1-619E-481B-A5B5-1CCE4D9C8023}.Debug|Any CPU.ActiveCfg = Debug|Any CPU
		{949A07D1-619E-481B-A5B5-1CCE4D9C8023}.Debug|Any CPU.Build.0 = Debug|Any CPU
		{949A07D1-619E-481B-A5B5-1CCE4D9C8023}.Debug|x64.ActiveCfg = Debug|Any CPU
		{949A07D1-619E-481B-A5B5-1CCE4D9C8023}.Debug|x64.Build.0 = Debug|Any CPU
		{949A07D1-619E-481B-A5B5-1CCE4D9C8023}.Debug|x86.ActiveCfg = Debug|Any CPU
		{949A07D1-619E-481B-A5B5-1CCE4D9C8023}.Debug|x86.Build.0 = Debug|Any CPU
		{949A07D1-619E-481B-A5B5-1CCE4D9C8023}.Release|Any CPU.ActiveCfg = Release|Any CPU
		{949A07D1-619E-481B-A5B5-1CCE4D9C8023}.Release|Any CPU.Build.0 = Release|Any CPU
		{949A07D1-619E-481B-A5B5-1CCE4D9C8023}.Release|x64.ActiveCfg = Release|Any CPU
		{949A07D1-619E-481B-A5B5-1CCE4D9C8023}.Release|x64.Build.0 = Release|Any CPU
		{949A07D1-619E-481B-A5B5-1CCE4D9C8023}.Release|x86.ActiveCfg = Release|Any CPU
		{949A07D1-619E-481B-A5B5-1CCE4D9C8023}.Release|x86.Build.0 = Release|Any CPU
		{4A0092B0-46C7-4113-939C-27AFD92D720B}.Debug|Any CPU.ActiveCfg = Debug|Any CPU
		{4A0092B0-46C7-4113-939C-27AFD92D720B}.Debug|Any CPU.Build.0 = Debug|Any CPU
		{4A0092B0-46C7-4113-939C-27AFD92D720B}.Debug|x64.ActiveCfg = Debug|Any CPU
		{4A0092B0-46C7-4113-939C-27AFD92D720B}.Debug|x64.Build.0 = Debug|Any CPU
		{4A0092B0-46C7-4113-939C-27AFD92D720B}.Debug|x86.ActiveCfg = Debug|Any CPU
		{4A0092B0-46C7-4113-939C-27AFD92D720B}.Debug|x86.Build.0 = Debug|Any CPU
		{4A0092B0-46C7-4113-939C-27AFD92D720B}.Release|Any CPU.ActiveCfg = Release|Any CPU
		{4A0092B0-46C7-4113-939C-27AFD92D720B}.Release|Any CPU.Build.0 = Release|Any CPU
		{4A0092B0-46C7-4113-939C-27AFD92D720B}.Release|x64.ActiveCfg = Release|Any CPU
		{4A0092B0-46C7-4113-939C-27AFD92D720B}.Release|x64.Build.0 = Release|Any CPU
		{4A0092B0-46C7-4113-939C-27AFD92D720B}.Release|x86.ActiveCfg = Release|Any CPU
		{4A0092B0-46C7-4113-939C-27AFD92D720B}.Release|x86.Build.0 = Release|Any CPU
		{272B05A5-9D47-4992-AB53-7AEBF4947384}.Debug|Any CPU.ActiveCfg = Debug|Any CPU
		{272B05A5-9D47-4992-AB53-7AEBF4947384}.Debug|Any CPU.Build.0 = Debug|Any CPU
		{272B05A5-9D47-4992-AB53-7AEBF4947384}.Debug|x64.ActiveCfg = Debug|Any CPU
		{272B05A5-9D47-4992-AB53-7AEBF4947384}.Debug|x64.Build.0 = Debug|Any CPU
		{272B05A5-9D47-4992-AB53-7AEBF4947384}.Debug|x86.ActiveCfg = Debug|Any CPU
		{272B05A5-9D47-4992-AB53-7AEBF4947384}.Debug|x86.Build.0 = Debug|Any CPU
		{272B05A5-9D47-4992-AB53-7AEBF4947384}.Release|Any CPU.ActiveCfg = Release|Any CPU
		{272B05A5-9D47-4992-AB53-7AEBF4947384}.Release|Any CPU.Build.0 = Release|Any CPU
		{272B05A5-9D47-4992-AB53-7AEBF4947384}.Release|x64.ActiveCfg = Release|Any CPU
		{272B05A5-9D47-4992-AB53-7AEBF4947384}.Release|x64.Build.0 = Release|Any CPU
		{272B05A5-9D47-4992-AB53-7AEBF4947384}.Release|x86.ActiveCfg = Release|Any CPU
		{272B05A5-9D47-4992-AB53-7AEBF4947384}.Release|x86.Build.0 = Release|Any CPU
		{DABB6F75-7685-4FB6-AD41-38F02DB49047}.Debug|Any CPU.ActiveCfg = Debug|Any CPU
		{DABB6F75-7685-4FB6-AD41-38F02DB49047}.Debug|Any CPU.Build.0 = Debug|Any CPU
		{DABB6F75-7685-4FB6-AD41-38F02DB49047}.Debug|x64.ActiveCfg = Debug|Any CPU
		{DABB6F75-7685-4FB6-AD41-38F02DB49047}.Debug|x64.Build.0 = Debug|Any CPU
		{DABB6F75-7685-4FB6-AD41-38F02DB49047}.Debug|x86.ActiveCfg = Debug|Any CPU
		{DABB6F75-7685-4FB6-AD41-38F02DB49047}.Debug|x86.Build.0 = Debug|Any CPU
		{DABB6F75-7685-4FB6-AD41-38F02DB49047}.Release|Any CPU.ActiveCfg = Release|Any CPU
		{DABB6F75-7685-4FB6-AD41-38F02DB49047}.Release|Any CPU.Build.0 = Release|Any CPU
		{DABB6F75-7685-4FB6-AD41-38F02DB49047}.Release|x64.ActiveCfg = Release|Any CPU
		{DABB6F75-7685-4FB6-AD41-38F02DB49047}.Release|x64.Build.0 = Release|Any CPU
		{DABB6F75-7685-4FB6-AD41-38F02DB49047}.Release|x86.ActiveCfg = Release|Any CPU
		{DABB6F75-7685-4FB6-AD41-38F02DB49047}.Release|x86.Build.0 = Release|Any CPU
		{F81C9ECC-7DA9-436F-811C-C071F1EE6726}.Debug|Any CPU.ActiveCfg = Debug|Any CPU
		{F81C9ECC-7DA9-436F-811C-C071F1EE6726}.Debug|Any CPU.Build.0 = Debug|Any CPU
		{F81C9ECC-7DA9-436F-811C-C071F1EE6726}.Debug|x64.ActiveCfg = Debug|Any CPU
		{F81C9ECC-7DA9-436F-811C-C071F1EE6726}.Debug|x64.Build.0 = Debug|Any CPU
		{F81C9ECC-7DA9-436F-811C-C071F1EE6726}.Debug|x86.ActiveCfg = Debug|Any CPU
		{F81C9ECC-7DA9-436F-811C-C071F1EE6726}.Debug|x86.Build.0 = Debug|Any CPU
		{F81C9ECC-7DA9-436F-811C-C071F1EE6726}.Release|Any CPU.ActiveCfg = Release|Any CPU
		{F81C9ECC-7DA9-436F-811C-C071F1EE6726}.Release|Any CPU.Build.0 = Release|Any CPU
		{F81C9ECC-7DA9-436F-811C-C071F1EE6726}.Release|x64.ActiveCfg = Release|Any CPU
		{F81C9ECC-7DA9-436F-811C-C071F1EE6726}.Release|x64.Build.0 = Release|Any CPU
		{F81C9ECC-7DA9-436F-811C-C071F1EE6726}.Release|x86.ActiveCfg = Release|Any CPU
		{F81C9ECC-7DA9-436F-811C-C071F1EE6726}.Release|x86.Build.0 = Release|Any CPU
		{A1E121A9-4DFD-428D-AB75-12CE51E54B1A}.Debug|Any CPU.ActiveCfg = Debug|Any CPU
		{A1E121A9-4DFD-428D-AB75-12CE51E54B1A}.Debug|Any CPU.Build.0 = Debug|Any CPU
		{A1E121A9-4DFD-428D-AB75-12CE51E54B1A}.Debug|x64.ActiveCfg = Debug|Any CPU
		{A1E121A9-4DFD-428D-AB75-12CE51E54B1A}.Debug|x64.Build.0 = Debug|Any CPU
		{A1E121A9-4DFD-428D-AB75-12CE51E54B1A}.Debug|x86.ActiveCfg = Debug|Any CPU
		{A1E121A9-4DFD-428D-AB75-12CE51E54B1A}.Debug|x86.Build.0 = Debug|Any CPU
		{A1E121A9-4DFD-428D-AB75-12CE51E54B1A}.Release|Any CPU.ActiveCfg = Release|Any CPU
		{A1E121A9-4DFD-428D-AB75-12CE51E54B1A}.Release|Any CPU.Build.0 = Release|Any CPU
		{A1E121A9-4DFD-428D-AB75-12CE51E54B1A}.Release|x64.ActiveCfg = Release|Any CPU
		{A1E121A9-4DFD-428D-AB75-12CE51E54B1A}.Release|x64.Build.0 = Release|Any CPU
		{A1E121A9-4DFD-428D-AB75-12CE51E54B1A}.Release|x86.ActiveCfg = Release|Any CPU
		{A1E121A9-4DFD-428D-AB75-12CE51E54B1A}.Release|x86.Build.0 = Release|Any CPU
		{8A60677E-D4AF-4784-9861-A245CC207A70}.Debug|Any CPU.ActiveCfg = Debug|Any CPU
		{8A60677E-D4AF-4784-9861-A245CC207A70}.Debug|Any CPU.Build.0 = Debug|Any CPU
		{8A60677E-D4AF-4784-9861-A245CC207A70}.Debug|x64.ActiveCfg = Debug|Any CPU
		{8A60677E-D4AF-4784-9861-A245CC207A70}.Debug|x64.Build.0 = Debug|Any CPU
		{8A60677E-D4AF-4784-9861-A245CC207A70}.Debug|x86.ActiveCfg = Debug|Any CPU
		{8A60677E-D4AF-4784-9861-A245CC207A70}.Debug|x86.Build.0 = Debug|Any CPU
		{8A60677E-D4AF-4784-9861-A245CC207A70}.Release|Any CPU.ActiveCfg = Release|Any CPU
		{8A60677E-D4AF-4784-9861-A245CC207A70}.Release|Any CPU.Build.0 = Release|Any CPU
		{8A60677E-D4AF-4784-9861-A245CC207A70}.Release|x64.ActiveCfg = Release|Any CPU
		{8A60677E-D4AF-4784-9861-A245CC207A70}.Release|x64.Build.0 = Release|Any CPU
		{8A60677E-D4AF-4784-9861-A245CC207A70}.Release|x86.ActiveCfg = Release|Any CPU
		{8A60677E-D4AF-4784-9861-A245CC207A70}.Release|x86.Build.0 = Release|Any CPU
	EndGlobalSection
	GlobalSection(NestedProjects) = preSolution
		{B0061C81-CEE5-480F-B848-D4552F044A1E} = {50D92DF8-19D7-4C66-A2E6-E61C1E7AE761}
		{949A07D1-619E-481B-A5B5-1CCE4D9C8023} = {B0061C81-CEE5-480F-B848-D4552F044A1E}
		{4A0092B0-46C7-4113-939C-27AFD92D720B} = {50D92DF8-19D7-4C66-A2E6-E61C1E7AE761}
		{272B05A5-9D47-4992-AB53-7AEBF4947384} = {C63366B5-CF62-4836-A31B-D1851AC01EAB}
		{DABB6F75-7685-4FB6-AD41-38F02DB49047} = {C63366B5-CF62-4836-A31B-D1851AC01EAB}
		{F81C9ECC-7DA9-436F-811C-C071F1EE6726} = {C0013C50-AF20-4CAF-9447-AC0DF8CD56FD}
		{A1E121A9-4DFD-428D-AB75-12CE51E54B1A} = {C0013C50-AF20-4CAF-9447-AC0DF8CD56FD}
		{8A60677E-D4AF-4784-9861-A245CC207A70} = {B0061C81-CEE5-480F-B848-D4552F044A1E}
	EndGlobalSection
EndGlobal
